
Microsoft Visual Studio Solution File, Format Version 12.00
# Visual Studio Version 17
VisualStudioVersion = 17.8.34511.84
MinimumVisualStudioVersion = 10.0.40219.1
Project("{FAE04EC0-301F-11D3-BF4B-00C04F79EFBC}") = "Eric-Howard-CPT-206-Chapter-14", "Eric-Howard-CPT-206-Chapter-14.csproj", "{E17FDE4A-CEF6-461C-9707-3A259EB827D3}"
EndProject
Global
	GlobalSection(SolutionConfigurationPlatforms) = preSolution
		Debug|Any CPU = Debug|Any CPU
		Release|Any CPU = Release|Any CPU
	EndGlobalSection
	GlobalSection(ProjectConfigurationPlatforms) = postSolution
		{E17FDE4A-CEF6-461C-9707-3A259EB827D3}.Debug|Any CPU.ActiveCfg = Debug|Any CPU
		{E17FDE4A-CEF6-461C-9707-3A259EB827D3}.Debug|Any CPU.Build.0 = Debug|Any CPU
		{E17FDE4A-CEF6-461C-9707-3A259EB827D3}.Release|Any CPU.ActiveCfg = Release|Any CPU
		{E17FDE4A-CEF6-461C-9707-3A259EB827D3}.Release|Any CPU.Build.0 = Release|Any CPU
	EndGlobalSection
	GlobalSection(SolutionProperties) = preSolution
		HideSolutionNode = FALSE
	EndGlobalSection
	GlobalSection(ExtensibilityGlobals) = postSolution
		SolutionGuid = {0364D989-C25C-4F31-9934-0101BA2DFD58}
	EndGlobalSection
EndGlobal
